Microsoft Visual Studio Solution File, Format Version 12.00
# Visual Studio Version 17
VisualStudioVersion = 17.5.2.0
MinimumVisualStudioVersion = 10.0.40219.1
Project("{FAE04EC0-301F-11D3-BF4B-00C04F79EFBC}") = "lab1v4", "lab1v4\lab1v4.csproj", "{6CAE2492-76D7-DF80-FC7D-B7CD357E74AC}"
EndProject
Project("{2150E333-8FDC-42A3-9474-1A3956D46DE8}") = "OOP-Kovalchuk", "OOP-Kovalchuk", "{5F6C2449-F7A8-C078-8B08-F44E8EDC089A}"
EndProject
Project("{FAE04EC0-301F-11D3-BF4B-00C04F79EFBC}") = "1ab2vN", "OOP-Kovalchuk\1ab2vN\1ab2vN.csproj", "{D267B44A-DB32-440B-4447-8089F549701C}"
EndProject
Global
	GlobalSection(SolutionConfigurationPlatforms) = preSolution
		Debug|Any CPU = Debug|Any CPU
		Release|Any CPU = Release|Any CPU
	EndGlobalSection
	GlobalSection(ProjectConfigurationPlatforms) = postSolution
		{6CAE2492-76D7-DF80-FC7D-B7CD357E74AC}.Debug|Any CPU.ActiveCfg = Debug|Any CPU
		{6CAE2492-76D7-DF80-FC7D-B7CD357E74AC}.Debug|Any CPU.Build.0 = Debug|Any CPU
		{6CAE2492-76D7-DF80-FC7D-B7CD357E74AC}.Release|Any CPU.ActiveCfg = Release|Any CPU
		{6CAE2492-76D7-DF80-FC7D-B7CD357E74AC}.Release|Any CPU.Build.0 = Release|Any CPU
		{D267B44A-DB32-440B-4447-8089F549701C}.Debug|Any CPU.ActiveCfg = Debug|Any CPU
		{D267B44A-DB32-440B-4447-8089F549701C}.Debug|Any CPU.Build.0 = Debug|Any CPU
		{D267B44A-DB32-440B-4447-8089F549701C}.Release|Any CPU.ActiveCfg = Release|Any CPU
		{D267B44A-DB32-440B-4447-8089F549701C}.Release|Any CPU.Build.0 = Release|Any CPU
	EndGlobalSection
	GlobalSection(SolutionProperties) = preSolution
		HideSolutionNode = FALSE
	EndGlobalSection
	GlobalSection(NestedProjects) = preSolution
		{D267B44A-DB32-440B-4447-8089F549701C} = {5F6C2449-F7A8-C078-8B08-F44E8EDC089A}
	EndGlobalSection
	GlobalSection(ExtensibilityGlobals) = postSolution
		SolutionGuid = {11D5238E-9C52-46BA-9D59-66D4ED5B9719}
	EndGlobalSection
EndGlobal
